{
  "name": "ajs-2",
  "version": "1.0.1",
  "lockfileVersion": 3,
  "requires": true,
  "packages": {
    "": {
      "name": "ajs-2",
      "version": "1.0.1",
      "license": "ISC",
      "dependencies": {
        "@arseniyshalamov/ajs": "^1.0.1"
      }
    },
    "node_modules/@arseniyshalamov/ajs": {
      "version": "1.0.1",
      "resolved": "https://npm.pkg.github.com/download/@arseniyshalamov/ajs/1.0.1/dba2c8ff6f6b8747172a4f1720963082ab0c4316",
      "integrity": "sha512-VG+85/MzuBvNznzAZxP53kQTN2dGT1WhER25w/vbaN2aKfAjLswGt7SU11acnZyqcyrSIl6uVEU0gMy4V/NWuA==",
      "license": "ISC"
    }
  }
}
